
Microsoft Visual Studio Solution File, Format Version 12.00
# Visual Studio 15
VisualStudioVersion = 15.0.27703.2018
MinimumVisualStudioVersion = 10.0.40219.1
Project("{FAE04EC0-301F-11D3-BF4B-00C04F79EFBC}") = "PrograAvanzada.CalculadoraAreas", "PrograAvanzada.CalculadoraAreas\PrograAvanzada.CalculadoraAreas.csproj", "{38FE7B13-0B6E-4212-85C4-8304CAA009F5}"
EndProject
Project("{FAE04EC0-301F-11D3-BF4B-00C04F79EFBC}") = "PrograAvanzada.CalculadoraAreas.BL", "..\PrograAvanzada.CalculadoraAreas.BL\PrograAvanzada.CalculadoraAreas.BL.csproj", "{9B2F916C-83D2-41F7-8A4A-BF5463663F2E}"
EndProject
Project("{FAE04EC0-301F-11D3-BF4B-00C04F79EFBC}") = "CalculadoraDeAreas.UnitTesting", "CalculadoraDeAreas.UnitTesting\CalculadoraDeAreas.UnitTesting.csproj", "{AB3C2994-08C4-4A9F-8AE1-FA55BC418229}"
EndProject
Global
	GlobalSection(SolutionConfigurationPlatforms) = preSolution
		Debug|Any CPU = Debug|Any CPU
		Release|Any CPU = Release|Any CPU
	EndGlobalSection
	GlobalSection(ProjectConfigurationPlatforms) = postSolution
		{38FE7B13-0B6E-4212-85C4-8304CAA009F5}.Debug|Any CPU.ActiveCfg = Debug|Any CPU
		{38FE7B13-0B6E-4212-85C4-8304CAA009F5}.Debug|Any CPU.Build.0 = Debug|Any CPU
		{38FE7B13-0B6E-4212-85C4-8304CAA009F5}.Release|Any CPU.ActiveCfg = Release|Any CPU
		{38FE7B13-0B6E-4212-85C4-8304CAA009F5}.Release|Any CPU.Build.0 = Release|Any CPU
		{9B2F916C-83D2-41F7-8A4A-BF5463663F2E}.Debug|Any CPU.ActiveCfg = Debug|Any CPU
		{9B2F916C-83D2-41F7-8A4A-BF5463663F2E}.Debug|Any CPU.Build.0 = Debug|Any CPU
		{9B2F916C-83D2-41F7-8A4A-BF5463663F2E}.Release|Any CPU.ActiveCfg = Release|Any CPU
		{9B2F916C-83D2-41F7-8A4A-BF5463663F2E}.Release|Any CPU.Build.0 = Release|Any CPU
		{AB3C2994-08C4-4A9F-8AE1-FA55BC418229}.Debug|Any CPU.ActiveCfg = Debug|Any CPU
		{AB3C2994-08C4-4A9F-8AE1-FA55BC418229}.Debug|Any CPU.Build.0 = Debug|Any CPU
		{AB3C2994-08C4-4A9F-8AE1-FA55BC418229}.Release|Any CPU.ActiveCfg = Release|Any CPU
		{AB3C2994-08C4-4A9F-8AE1-FA55BC418229}.Release|Any CPU.Build.0 = Release|Any CPU
	EndGlobalSection
	GlobalSection(SolutionProperties) = preSolution
		HideSolutionNode = FALSE
	EndGlobalSection
	GlobalSection(ExtensibilityGlobals) = postSolution
		SolutionGuid = {FEE36EB3-57F2-4185-9EFD-9315A7C0AAFA}
	EndGlobalSection
EndGlobal
